// !$*UTF8*$!
{
	archiveVersion = 1;
	classes = {
	};
	objectVersion = 55;
	objects = {

/* Begin PBXBuildFile section */
		1A166BF8283F45DE003AC3F7 /* YujinStoryboard2.storyboard in Resources */ = {isa = PBXBuildFile; fileRef = 1A166BF7283F45DE003AC3F7 /* YujinStoryboard2.storyboard */; };
		1A166BFE283F4D03003AC3F7 /* YujinStoryboard2ViewController.swift in Sources */ = {isa = PBXBuildFile; fileRef = 1A166BFD283F4D03003AC3F7 /* YujinStoryboard2ViewController.swift */; };
		1A166C00283F5F59003AC3F7 /* ProfileModel.swift in Sources */ = {isa = PBXBuildFile; fileRef = 1A166BFF283F5F59003AC3F7 /* ProfileModel.swift */; };
		1A41E4602835D1BE006073D5 /* TabManViewController.swift in Sources */ = {isa = PBXBuildFile; fileRef = 1A41E45F2835D1BE006073D5 /* TabManViewController.swift */; };
		1A41E4622835D2E3006073D5 /* HomeTabViewController.swift in Sources */ = {isa = PBXBuildFile; fileRef = 1A41E4612835D2E3006073D5 /* HomeTabViewController.swift */; };
		1A41E4642835D2F4006073D5 /* SecondTabViewController.swift in Sources */ = {isa = PBXBuildFile; fileRef = 1A41E4632835D2F4006073D5 /* SecondTabViewController.swift */; };
		1A41E4662835D300006073D5 /* ThirdTabViewController.swift in Sources */ = {isa = PBXBuildFile; fileRef = 1A41E4652835D300006073D5 /* ThirdTabViewController.swift */; };
		1A41E4682835D317006073D5 /* FourthTabViewController.swift in Sources */ = {isa = PBXBuildFile; fileRef = 1A41E4672835D317006073D5 /* FourthTabViewController.swift */; };
		1A41E46A2835FCC2006073D5 /* TableView.storyboard in Resources */ = {isa = PBXBuildFile; fileRef = 1A41E4692835FCC2006073D5 /* TableView.storyboard */; };
		1A41E47228360504006073D5 /* TwitterRetwittTableViewCell.swift in Sources */ = {isa = PBXBuildFile; fileRef = 1A41E47028360504006073D5 /* TwitterRetwittTableViewCell.swift */; };
		1A41E47328360504006073D5 /* TwitterRetwittTableViewCell.xib in Resources */ = {isa = PBXBuildFile; fileRef = 1A41E47128360504006073D5 /* TwitterRetwittTableViewCell.xib */; };
		1A41E4762836051A006073D5 /* TwitterMyTwittTableViewCell.swift in Sources */ = {isa = PBXBuildFile; fileRef = 1A41E4742836051A006073D5 /* TwitterMyTwittTableViewCell.swift */; };
		1A41E4772836051A006073D5 /* TwitterMyTwittTableViewCell.xib in Resources */ = {isa = PBXBuildFile; fileRef = 1A41E4752836051A006073D5 /* TwitterMyTwittTableViewCell.xib */; };
		1A457DD12837753700DD123C /* TwittModel.swift in Sources */ = {isa = PBXBuildFile; fileRef = 1A457DD02837753700DD123C /* TwittModel.swift */; };
		1A4C317F283362C1007A48A3 /* TabBar.storyboard in Resources */ = {isa = PBXBuildFile; fileRef = 1A4C317E283362C1007A48A3 /* TabBar.storyboard */; };
		1A4C3182283362D7007A48A3 /* Profile.storyboard in Resources */ = {isa = PBXBuildFile; fileRef = 1A4C3181283362D7007A48A3 /* Profile.storyboard */; };
		1A4C3184283362DF007A48A3 /* Suyeon.storyboard in Resources */ = {isa = PBXBuildFile; fileRef = 1A4C3183283362DF007A48A3 /* Suyeon.storyboard */; };
		1A4C3186283362E7007A48A3 /* Yujin.storyboard in Resources */ = {isa = PBXBuildFile; fileRef = 1A4C3185283362E7007A48A3 /* Yujin.storyboard */; };
		1A4C3188283362FF007A48A3 /* Alarm.storyboard in Resources */ = {isa = PBXBuildFile; fileRef = 1A4C3187283362FF007A48A3 /* Alarm.storyboard */; };
		1A5FFB282848FFC80075F3B6 /* YJWriter.swift in Sources */ = {isa = PBXBuildFile; fileRef = 1A5FFB272848FFC80075F3B6 /* YJWriter.swift */; };
		1A8FFC1C284733D200F7E1B9 /* YJUserRouter.swift in Sources */ = {isa = PBXBuildFile; fileRef = 1A8FFC1B284733D200F7E1B9 /* YJUserRouter.swift */; };
		1A8FFC1E2847381100F7E1B9 /* TwittService.swift in Sources */ = {isa = PBXBuildFile; fileRef = 1A8FFC1D2847381100F7E1B9 /* TwittService.swift */; };
		1A8FFC2028473CCF00F7E1B9 /* YJTwitt.swift in Sources */ = {isa = PBXBuildFile; fileRef = 1A8FFC1F28473CCF00F7E1B9 /* YJTwitt.swift */; };
		1A8FFC222847426E00F7E1B9 /* YJLike.swift in Sources */ = {isa = PBXBuildFile; fileRef = 1A8FFC212847426E00F7E1B9 /* YJLike.swift */; };
		1A99661028355E23000A9BC8 /* Tabman in Frameworks */ = {isa = PBXBuildFile; productRef = 1A99660F28355E23000A9BC8 /* Tabman */; };
		4D153CBD28389FAF0072B731 /* APIEnvironment.swift in Sources */ = {isa = PBXBuildFile; fileRef = 4D153CBC28389FAF0072B731 /* APIEnvironment.swift */; };
		4D153CBF28389FD10072B731 /* NetworkConstants.swift in Sources */ = {isa = PBXBuildFile; fileRef = 4D153CBE28389FD00072B731 /* NetworkConstants.swift */; };
		4D153CC32838A0010072B731 /* NetworkResult.swift in Sources */ = {isa = PBXBuildFile; fileRef = 4D153CC22838A0010072B731 /* NetworkResult.swift */; };
		4D153CC52838A00F0072B731 /* BaseRouter.swift in Sources */ = {isa = PBXBuildFile; fileRef = 4D153CC42838A00F0072B731 /* BaseRouter.swift */; };
		4D153CC72838A01B0072B731 /* BaseService.swift in Sources */ = {isa = PBXBuildFile; fileRef = 4D153CC62838A01B0072B731 /* BaseService.swift */; };
		4D153CC92838B1E20072B731 /* GeneralResponse.swift in Sources */ = {isa = PBXBuildFile; fileRef = 4D153CC82838B1E20072B731 /* GeneralResponse.swift */; };
		4D32E1E2283108CC00A3DD31 /* AppDelegate.swift in Sources */ = {isa = PBXBuildFile; fileRef = 4D32E1E1283108CC00A3DD31 /* AppDelegate.swift */; };
		4D32E1E4283108CC00A3DD31 /* SceneDelegate.swift in Sources */ = {isa = PBXBuildFile; fileRef = 4D32E1E3283108CC00A3DD31 /* SceneDelegate.swift */; };
		4D32E1E9283108CC00A3DD31 /* Main.storyboard in Resources */ = {isa = PBXBuildFile; fileRef = 4D32E1E7283108CC00A3DD31 /* Main.storyboard */; };
		4D32E1EB283108CF00A3DD31 /* Assets.xcassets in Resources */ = {isa = PBXBuildFile; fileRef = 4D32E1EA283108CF00A3DD31 /* Assets.xcassets */; };
		4D32E1EE283108CF00A3DD31 /* LaunchScreen.storyboard in Resources */ = {isa = PBXBuildFile; fileRef = 4D32E1EC283108CF00A3DD31 /* LaunchScreen.storyboard */; };
		4D32E223283118CF00A3DD31 /* SuYeonWritingViewController.swift in Sources */ = {isa = PBXBuildFile; fileRef = 4D32E222283118CF00A3DD31 /* SuYeonWritingViewController.swift */; };
		4D32E225283118FA00A3DD31 /* ProfileViewController.swift in Sources */ = {isa = PBXBuildFile; fileRef = 4D32E224283118FA00A3DD31 /* ProfileViewController.swift */; };
		4D32E2272831190D00A3DD31 /* YuJinProfileViewController.swift in Sources */ = {isa = PBXBuildFile; fileRef = 4D32E2262831190D00A3DD31 /* YuJinProfileViewController.swift */; };
		4D32E2292831192100A3DD31 /* SuYeonProfileViewController.swift in Sources */ = {isa = PBXBuildFile; fileRef = 4D32E2282831192100A3DD31 /* SuYeonProfileViewController.swift */; };
		4D32E22C28311B8F00A3DD31 /* Alamofire in Frameworks */ = {isa = PBXBuildFile; productRef = 4D32E22B28311B8F00A3DD31 /* Alamofire */; };
		4D32E22F28311BC400A3DD31 /* SnapKit in Frameworks */ = {isa = PBXBuildFile; productRef = 4D32E22E28311BC400A3DD31 /* SnapKit */; };
		4D32E2322832761600A3DD31 /* Helvetica Bold.ttf in Resources */ = {isa = PBXBuildFile; fileRef = 4D32E2302832761600A3DD31 /* Helvetica Bold.ttf */; };
		4D32E2332832761600A3DD31 /* Helvetica Light.ttf in Resources */ = {isa = PBXBuildFile; fileRef = 4D32E2312832761600A3DD31 /* Helvetica Light.ttf */; };
		4D32E2372832762100A3DD31 /* Roboto-Regular.ttf in Resources */ = {isa = PBXBuildFile; fileRef = 4D32E2342832762000A3DD31 /* Roboto-Regular.ttf */; };
		4D32E2382832762100A3DD31 /* Roboto-Medium.ttf in Resources */ = {isa = PBXBuildFile; fileRef = 4D32E2352832762000A3DD31 /* Roboto-Medium.ttf */; };
		4D32E2392832762100A3DD31 /* Roboto-Light.ttf in Resources */ = {isa = PBXBuildFile; fileRef = 4D32E2362832762100A3DD31 /* Roboto-Light.ttf */; };
		4D32E23C2832762700A3DD31 /* Roboto-Bold.ttf in Resources */ = {isa = PBXBuildFile; fileRef = 4D32E23A2832762700A3DD31 /* Roboto-Bold.ttf */; };
		4D32E23D2832762700A3DD31 /* Roboto-Black.ttf in Resources */ = {isa = PBXBuildFile; fileRef = 4D32E23B2832762700A3DD31 /* Roboto-Black.ttf */; };
		4D32E23F2832771800A3DD31 /* UIFont+Extension.swift in Sources */ = {isa = PBXBuildFile; fileRef = 4D32E23E2832771800A3DD31 /* UIFont+Extension.swift */; };
		4D32E24128327B6D00A3DD31 /* UIColor+Extension.swift in Sources */ = {isa = PBXBuildFile; fileRef = 4D32E24028327B6D00A3DD31 /* UIColor+Extension.swift */; };
		4D32E24328327D3600A3DD31 /* Colors.xcassets in Resources */ = {isa = PBXBuildFile; fileRef = 4D32E24228327D3600A3DD31 /* Colors.xcassets */; };
		4D32E2452832832600A3DD31 /* ImageLiteral.swift in Sources */ = {isa = PBXBuildFile; fileRef = 4D32E2442832832600A3DD31 /* ImageLiteral.swift */; };
		4D32E247283284DD00A3DD31 /* UIView+Extension.swift in Sources */ = {isa = PBXBuildFile; fileRef = 4D32E246283284DD00A3DD31 /* UIView+Extension.swift */; };
		4D32E2492832852A00A3DD31 /* UILabel+Extension.swift in Sources */ = {isa = PBXBuildFile; fileRef = 4D32E2482832852A00A3DD31 /* UILabel+Extension.swift */; };
		4D32E24B2832853C00A3DD31 /* UIButton+Extension.swift in Sources */ = {isa = PBXBuildFile; fileRef = 4D32E24A2832853C00A3DD31 /* UIButton+Extension.swift */; };
		4D32E24D2832855100A3DD31 /* UIViewController+Extension.swift in Sources */ = {isa = PBXBuildFile; fileRef = 4D32E24C2832855000A3DD31 /* UIViewController+Extension.swift */; };
		4D32E24F283285B700A3DD31 /* Adjusted+Extension.swift in Sources */ = {isa = PBXBuildFile; fileRef = 4D32E24E283285B700A3DD31 /* Adjusted+Extension.swift */; };
		4D32E251283287D100A3DD31 /* UITextField+Extension.swift in Sources */ = {isa = PBXBuildFile; fileRef = 4D32E250283287D100A3DD31 /* UITextField+Extension.swift */; };
		4D32E25928328A2800A3DD31 /* NSObject+Extension.swift in Sources */ = {isa = PBXBuildFile; fileRef = 4D32E25828328A2800A3DD31 /* NSObject+Extension.swift */; };
		4D32E25B28328A6700A3DD31 /* UITableView+Extension.swift in Sources */ = {isa = PBXBuildFile; fileRef = 4D32E25A28328A6700A3DD31 /* UITableView+Extension.swift */; };
		4D32E25D28328A7600A3DD31 /* UICollectionView+Extension.swift in Sources */ = {isa = PBXBuildFile; fileRef = 4D32E25C28328A7600A3DD31 /* UICollectionView+Extension.swift */; };
		4D39BF6F283FCF1C0097A6EF /* Auth.swift in Sources */ = {isa = PBXBuildFile; fileRef = 4D39BF6E283FCF1C0097A6EF /* Auth.swift */; };
		4D39BF71283FCF430097A6EF /* AuthRouter.swift in Sources */ = {isa = PBXBuildFile; fileRef = 4D39BF70283FCF430097A6EF /* AuthRouter.swift */; };
		4D39BF73283FCF5E0097A6EF /* AuthService.swift in Sources */ = {isa = PBXBuildFile; fileRef = 4D39BF72283FCF5E0097A6EF /* AuthService.swift */; };
		4D39BF75283FDB3A0097A6EF /* EventLogger.swift in Sources */ = {isa = PBXBuildFile; fileRef = 4D39BF74283FDB3A0097A6EF /* EventLogger.swift */; };
		4D85A8622841FC3D00074D78 /* TwitPostRouter.swift in Sources */ = {isa = PBXBuildFile; fileRef = 4D85A8612841FC3D00074D78 /* TwitPostRouter.swift */; };
		4D85A8642841FC4700074D78 /* TwitPostService.swift in Sources */ = {isa = PBXBuildFile; fileRef = 4D85A8632841FC4700074D78 /* TwitPostService.swift */; };
		4DC622E028348B0900186517 /* WritingToolBar.swift in Sources */ = {isa = PBXBuildFile; fileRef = 4DC622DF28348B0900186517 /* WritingToolBar.swift */; };
		4DC622E228348F2800186517 /* UIStackView+Extension.swift in Sources */ = {isa = PBXBuildFile; fileRef = 4DC622E128348F2800186517 /* UIStackView+Extension.swift */; };
		4DC622E42834BB9100186517 /* CommentPermissionView.swift in Sources */ = {isa = PBXBuildFile; fileRef = 4DC622E32834BB9100186517 /* CommentPermissionView.swift */; };
		4DC622E62834BE3D00186517 /* AlbumCollectionView.swift in Sources */ = {isa = PBXBuildFile; fileRef = 4DC622E52834BE3D00186517 /* AlbumCollectionView.swift */; };
		4DC622E82834C4D400186517 /* IconCollectionViewCell.swift in Sources */ = {isa = PBXBuildFile; fileRef = 4DC622E72834C4D400186517 /* IconCollectionViewCell.swift */; };
		4DC622EA2834C4E800186517 /* ImageCollectionViewCell.swift in Sources */ = {isa = PBXBuildFile; fileRef = 4DC622E92834C4E800186517 /* ImageCollectionViewCell.swift */; };
		4DC622EC2834C6F700186517 /* WritingViewController+Extesion.swift in Sources */ = {isa = PBXBuildFile; fileRef = 4DC622EB2834C6F700186517 /* WritingViewController+Extesion.swift */; };
		4DC622EE2834DA5300186517 /* MyPhoto.swift in Sources */ = {isa = PBXBuildFile; fileRef = 4DC622ED2834DA5300186517 /* MyPhoto.swift */; };
		4DE1C5FC284200B800B68602 /* Writer.swift in Sources */ = {isa = PBXBuildFile; fileRef = 4DE1C5FB284200B800B68602 /* Writer.swift */; };
		B58AC0C1284611D000AD88D3 /* User.swift in Sources */ = {isa = PBXBuildFile; fileRef = B58AC0C0284611D000AD88D3 /* User.swift */; };
		B58AC0C32846142C00AD88D3 /* UserRouter.swift in Sources */ = {isa = PBXBuildFile; fileRef = B58AC0C22846142C00AD88D3 /* UserRouter.swift */; };
		B58AC0C5284616F500AD88D3 /* UserService.swift in Sources */ = {isa = PBXBuildFile; fileRef = B58AC0C4284616F500AD88D3 /* UserService.swift */; };
		B58AC0C7284618AA00AD88D3 /* Twit.swift in Sources */ = {isa = PBXBuildFile; fileRef = B58AC0C6284618AA00AD88D3 /* Twit.swift */; };
		B58AC0C928461A7500AD88D3 /* Like.swift in Sources */ = {isa = PBXBuildFile; fileRef = B58AC0C828461A7500AD88D3 /* Like.swift */; };
		B58AC0CB284624E200AD88D3 /* String+Extension.swift in Sources */ = {isa = PBXBuildFile; fileRef = B58AC0CA284624E200AD88D3 /* String+Extension.swift */; };
		B58AC0CD2848AAE300AD88D3 /* Date+Extension.swift in Sources */ = {isa = PBXBuildFile; fileRef = B58AC0CC2848AAE300AD88D3 /* Date+Extension.swift */; };
		B5939ACA2834F95100A769BF /* TweetTableViewCell.swift in Sources */ = {isa = PBXBuildFile; fileRef = B5939AC82834F95100A769BF /* TweetTableViewCell.swift */; };
		B5939ACB2834F95100A769BF /* TweetTableViewCell.xib in Resources */ = {isa = PBXBuildFile; fileRef = B5939AC92834F95100A769BF /* TweetTableViewCell.xib */; };
		B5D95D462835329800AA3C1F /* TweetModel.swift in Sources */ = {isa = PBXBuildFile; fileRef = B5D95D452835329800AA3C1F /* TweetModel.swift */; };
		B5DEFE9F28349C7C00D64C5E /* TweetViewController.swift in Sources */ = {isa = PBXBuildFile; fileRef = B5DEFE9E28349C7C00D64C5E /* TweetViewController.swift */; };
		B5DEFEA128349C9900D64C5E /* TweetAndReplyViewController.swift in Sources */ = {isa = PBXBuildFile; fileRef = B5DEFEA028349C9900D64C5E /* TweetAndReplyViewController.swift */; };
		B5DEFEA328349CA700D64C5E /* MediaViewController.swift in Sources */ = {isa = PBXBuildFile; fileRef = B5DEFEA228349CA700D64C5E /* MediaViewController.swift */; };
		B5DEFEA528349CBB00D64C5E /* FavoriteViewController.swift in Sources */ = {isa = PBXBuildFile; fileRef = B5DEFEA428349CBB00D64C5E /* FavoriteViewController.swift */; };
		B5DEFEA92834F1BE00D64C5E /* Tweet.storyboard in Resources */ = {isa = PBXBuildFile; fileRef = B5DEFEA82834F1BE00D64C5E /* Tweet.storyboard */; };
/* End PBXBuildFile section */

/* Begin PBXFileReference section */
		1A166BF7283F45DE003AC3F7 /* YujinStoryboard2.storyboard */ = {isa = PBXFileReference; lastKnownFileType = file.storyboard; path = YujinStoryboard2.storyboard; sourceTree = "<group>"; };
		1A166BFD283F4D03003AC3F7 /* YujinStoryboard2ViewController.swift */ = {isa = PBXFileReference; lastKnownFileType = sourcecode.swift; path = YujinStoryboard2ViewController.swift; sourceTree = "<group>"; };
		1A166BFF283F5F59003AC3F7 /* ProfileModel.swift */ = {isa = PBXFileReference; lastKnownFileType = sourcecode.swift; path = ProfileModel.swift; sourceTree = "<group>"; };
		1A41E45F2835D1BE006073D5 /* TabManViewController.swift */ = {isa = PBXFileReference; lastKnownFileType = sourcecode.swift; path = TabManViewController.swift; sourceTree = "<group>"; };
		1A41E4612835D2E3006073D5 /* HomeTabViewController.swift */ = {isa = PBXFileReference; lastKnownFileType = sourcecode.swift; path = HomeTabViewController.swift; sourceTree = "<group>"; };
		1A41E4632835D2F4006073D5 /* SecondTabViewController.swift */ = {isa = PBXFileReference; lastKnownFileType = sourcecode.swift; path = SecondTabViewController.swift; sourceTree = "<group>"; };
		1A41E4652835D300006073D5 /* ThirdTabViewController.swift */ = {isa = PBXFileReference; lastKnownFileType = sourcecode.swift; path = ThirdTabViewController.swift; sourceTree = "<group>"; };
		1A41E4672835D317006073D5 /* FourthTabViewController.swift */ = {isa = PBXFileReference; lastKnownFileType = sourcecode.swift; path = FourthTabViewController.swift; sourceTree = "<group>"; };
		1A41E4692835FCC2006073D5 /* TableView.storyboard */ = {isa = PBXFileReference; lastKnownFileType = file.storyboard; path = TableView.storyboard; sourceTree = "<group>"; };
		1A41E47028360504006073D5 /* TwitterRetwittTableViewCell.swift */ = {isa = PBXFileReference; lastKnownFileType = sourcecode.swift; path = TwitterRetwittTableViewCell.swift; sourceTree = "<group>"; };
		1A41E47128360504006073D5 /* TwitterRetwittTableViewCell.xib */ = {isa = PBXFileReference; lastKnownFileType = file.xib; path = TwitterRetwittTableViewCell.xib; sourceTree = "<group>"; };
		1A41E4742836051A006073D5 /* TwitterMyTwittTableViewCell.swift */ = {isa = PBXFileReference; lastKnownFileType = sourcecode.swift; path = TwitterMyTwittTableViewCell.swift; sourceTree = "<group>"; };
		1A41E4752836051A006073D5 /* TwitterMyTwittTableViewCell.xib */ = {isa = PBXFileReference; lastKnownFileType = file.xib; path = TwitterMyTwittTableViewCell.xib; sourceTree = "<group>"; };
		1A457DD02837753700DD123C /* TwittModel.swift */ = {isa = PBXFileReference; lastKnownFileType = sourcecode.swift; path = TwittModel.swift; sourceTree = "<group>"; };
		1A4C317E283362C1007A48A3 /* TabBar.storyboard */ = {isa = PBXFileReference; lastKnownFileType = file.storyboard; path = TabBar.storyboard; sourceTree = "<group>"; };
		1A4C3181283362D7007A48A3 /* Profile.storyboard */ = {isa = PBXFileReference; lastKnownFileType = file.storyboard; path = Profile.storyboard; sourceTree = "<group>"; };
		1A4C3183283362DF007A48A3 /* Suyeon.storyboard */ = {isa = PBXFileReference; lastKnownFileType = file.storyboard; name = Suyeon.storyboard; path = ../Suyeon.storyboard; sourceTree = "<group>"; };
		1A4C3185283362E7007A48A3 /* Yujin.storyboard */ = {isa = PBXFileReference; lastKnownFileType = file.storyboard; path = Yujin.storyboard; sourceTree = "<group>"; };
		1A4C3187283362FF007A48A3 /* Alarm.storyboard */ = {isa = PBXFileReference; lastKnownFileType = file.storyboard; path = Alarm.storyboard; sourceTree = "<group>"; };
		1A5FFB272848FFC80075F3B6 /* YJWriter.swift */ = {isa = PBXFileReference; lastKnownFileType = sourcecode.swift; path = YJWriter.swift; sourceTree = "<group>"; };
		1A8FFC192847307600F7E1B9 /* YJUser.swift */ = {isa = PBXFileReference; lastKnownFileType = sourcecode.swift; path = YJUser.swift; sourceTree = "<group>"; };
		1A8FFC1B284733D200F7E1B9 /* YJUserRouter.swift */ = {isa = PBXFileReference; lastKnownFileType = sourcecode.swift; path = YJUserRouter.swift; sourceTree = "<group>"; };
		1A8FFC1D2847381100F7E1B9 /* TwittService.swift */ = {isa = PBXFileReference; lastKnownFileType = sourcecode.swift; path = TwittService.swift; sourceTree = "<group>"; };
		1A8FFC1F28473CCF00F7E1B9 /* YJTwitt.swift */ = {isa = PBXFileReference; lastKnownFileType = sourcecode.swift; path = YJTwitt.swift; sourceTree = "<group>"; };
		1A8FFC212847426E00F7E1B9 /* YJLike.swift */ = {isa = PBXFileReference; lastKnownFileType = sourcecode.swift; path = YJLike.swift; sourceTree = "<group>"; };
		4D153CBC28389FAF0072B731 /* APIEnvironment.swift */ = {isa = PBXFileReference; lastKnownFileType = sourcecode.swift; name = APIEnvironment.swift; path = Network/Foundation/APIEnvironment.swift; sourceTree = "<group>"; };
		4D153CBE28389FD00072B731 /* NetworkConstants.swift */ = {isa = PBXFileReference; lastKnownFileType = sourcecode.swift; name = NetworkConstants.swift; path = Network/Foundation/APIConstants/NetworkConstants.swift; sourceTree = "<group>"; };
		4D153CC22838A0010072B731 /* NetworkResult.swift */ = {isa = PBXFileReference; lastKnownFileType = sourcecode.swift; name = NetworkResult.swift; path = Network/Foundation/NetworkResult.swift; sourceTree = "<group>"; };
		4D153CC42838A00F0072B731 /* BaseRouter.swift */ = {isa = PBXFileReference; lastKnownFileType = sourcecode.swift; name = BaseRouter.swift; path = Network/Foundation/BaseRouter.swift; sourceTree = "<group>"; };
		4D153CC62838A01B0072B731 /* BaseService.swift */ = {isa = PBXFileReference; lastKnownFileType = sourcecode.swift; name = BaseService.swift; path = Network/Foundation/BaseService.swift; sourceTree = "<group>"; };
		4D153CC82838B1E20072B731 /* GeneralResponse.swift */ = {isa = PBXFileReference; lastKnownFileType = sourcecode.swift; name = GeneralResponse.swift; path = Network/Model/GeneralResponse.swift; sourceTree = "<group>"; };
		1A8FFC192847307600F7E1B9 /* User.swift */ = {isa = PBXFileReference; lastKnownFileType = sourcecode.swift; path = User.swift; sourceTree = "<group>"; };
		1A8FFC1B284733D200F7E1B9 /* UserRouter.swift */ = {isa = PBXFileReference; lastKnownFileType = sourcecode.swift; path = UserRouter.swift; sourceTree = "<group>"; };
		1A8FFC1D2847381100F7E1B9 /* TwittService.swift */ = {isa = PBXFileReference; lastKnownFileType = sourcecode.swift; path = TwittService.swift; sourceTree = "<group>"; };
		1A8FFC1F28473CCF00F7E1B9 /* Twitt.swift */ = {isa = PBXFileReference; lastKnownFileType = sourcecode.swift; path = Twitt.swift; sourceTree = "<group>"; };
		1A8FFC212847426E00F7E1B9 /* Like.swift */ = {isa = PBXFileReference; lastKnownFileType = sourcecode.swift; path = Like.swift; sourceTree = "<group>"; };
		4D32E1DE283108CC00A3DD31 /* Twitter-iOS.app */ = {isa = PBXFileReference; explicitFileType = wrapper.application; includeInIndex = 0; path = "Twitter-iOS.app"; sourceTree = BUILT_PRODUCTS_DIR; };
		4D32E1E1283108CC00A3DD31 /* AppDelegate.swift */ = {isa = PBXFileReference; lastKnownFileType = sourcecode.swift; path = AppDelegate.swift; sourceTree = "<group>"; };
		4D32E1E3283108CC00A3DD31 /* SceneDelegate.swift */ = {isa = PBXFileReference; lastKnownFileType = sourcecode.swift; path = SceneDelegate.swift; sourceTree = "<group>"; };
		4D32E1E8283108CC00A3DD31 /* Base */ = {isa = PBXFileReference; lastKnownFileType = file.storyboard; name = Base; path = Base.lproj/Main.storyboard; sourceTree = "<group>"; };
		4D32E1EA283108CF00A3DD31 /* Assets.xcassets */ = {isa = PBXFileReference; lastKnownFileType = folder.assetcatalog; path = Assets.xcassets; sourceTree = "<group>"; };
		4D32E1ED283108CF00A3DD31 /* Base */ = {isa = PBXFileReference; lastKnownFileType = file.storyboard; name = Base; path = Base.lproj/LaunchScreen.storyboard; sourceTree = "<group>"; };
		4D32E1EF283108CF00A3DD31 /* Info.plist */ = {isa = PBXFileReference; lastKnownFileType = text.plist.xml; path = Info.plist; sourceTree = "<group>"; };
		4D32E222283118CF00A3DD31 /* SuYeonWritingViewController.swift */ = {isa = PBXFileReference; lastKnownFileType = sourcecode.swift; path = SuYeonWritingViewController.swift; sourceTree = "<group>"; };
		4D32E224283118FA00A3DD31 /* ProfileViewController.swift */ = {isa = PBXFileReference; lastKnownFileType = sourcecode.swift; path = ProfileViewController.swift; sourceTree = "<group>"; };
		4D32E2262831190D00A3DD31 /* YuJinProfileViewController.swift */ = {isa = PBXFileReference; lastKnownFileType = sourcecode.swift; path = YuJinProfileViewController.swift; sourceTree = "<group>"; };
		4D32E2282831192100A3DD31 /* SuYeonProfileViewController.swift */ = {isa = PBXFileReference; lastKnownFileType = sourcecode.swift; path = SuYeonProfileViewController.swift; sourceTree = "<group>"; };
		4D32E2302832761600A3DD31 /* Helvetica Bold.ttf */ = {isa = PBXFileReference; lastKnownFileType = file; path = "Helvetica Bold.ttf"; sourceTree = "<group>"; };
		4D32E2312832761600A3DD31 /* Helvetica Light.ttf */ = {isa = PBXFileReference; lastKnownFileType = file; path = "Helvetica Light.ttf"; sourceTree = "<group>"; };
		4D32E2342832762000A3DD31 /* Roboto-Regular.ttf */ = {isa = PBXFileReference; lastKnownFileType = file; path = "Roboto-Regular.ttf"; sourceTree = "<group>"; };
		4D32E2352832762000A3DD31 /* Roboto-Medium.ttf */ = {isa = PBXFileReference; lastKnownFileType = file; path = "Roboto-Medium.ttf"; sourceTree = "<group>"; };
		4D32E2362832762100A3DD31 /* Roboto-Light.ttf */ = {isa = PBXFileReference; lastKnownFileType = file; path = "Roboto-Light.ttf"; sourceTree = "<group>"; };
		4D32E23A2832762700A3DD31 /* Roboto-Bold.ttf */ = {isa = PBXFileReference; lastKnownFileType = file; path = "Roboto-Bold.ttf"; sourceTree = "<group>"; };
		4D32E23B2832762700A3DD31 /* Roboto-Black.ttf */ = {isa = PBXFileReference; lastKnownFileType = file; path = "Roboto-Black.ttf"; sourceTree = "<group>"; };
		4D32E23E2832771800A3DD31 /* UIFont+Extension.swift */ = {isa = PBXFileReference; lastKnownFileType = sourcecode.swift; path = "UIFont+Extension.swift"; sourceTree = "<group>"; };
		4D32E24028327B6D00A3DD31 /* UIColor+Extension.swift */ = {isa = PBXFileReference; lastKnownFileType = sourcecode.swift; path = "UIColor+Extension.swift"; sourceTree = "<group>"; };
		4D32E24228327D3600A3DD31 /* Colors.xcassets */ = {isa = PBXFileReference; lastKnownFileType = folder.assetcatalog; path = Colors.xcassets; sourceTree = "<group>"; };
		4D32E2442832832600A3DD31 /* ImageLiteral.swift */ = {isa = PBXFileReference; lastKnownFileType = sourcecode.swift; path = ImageLiteral.swift; sourceTree = "<group>"; };
		4D32E246283284DD00A3DD31 /* UIView+Extension.swift */ = {isa = PBXFileReference; lastKnownFileType = sourcecode.swift; path = "UIView+Extension.swift"; sourceTree = "<group>"; };
		4D32E2482832852A00A3DD31 /* UILabel+Extension.swift */ = {isa = PBXFileReference; lastKnownFileType = sourcecode.swift; path = "UILabel+Extension.swift"; sourceTree = "<group>"; };
		4D32E24A2832853C00A3DD31 /* UIButton+Extension.swift */ = {isa = PBXFileReference; lastKnownFileType = sourcecode.swift; path = "UIButton+Extension.swift"; sourceTree = "<group>"; };
		4D32E24C2832855000A3DD31 /* UIViewController+Extension.swift */ = {isa = PBXFileReference; lastKnownFileType = sourcecode.swift; path = "UIViewController+Extension.swift"; sourceTree = "<group>"; };
		4D32E24E283285B700A3DD31 /* Adjusted+Extension.swift */ = {isa = PBXFileReference; lastKnownFileType = sourcecode.swift; path = "Adjusted+Extension.swift"; sourceTree = "<group>"; };
		4D32E250283287D100A3DD31 /* UITextField+Extension.swift */ = {isa = PBXFileReference; lastKnownFileType = sourcecode.swift; path = "UITextField+Extension.swift"; sourceTree = "<group>"; };
		4D32E25828328A2800A3DD31 /* NSObject+Extension.swift */ = {isa = PBXFileReference; lastKnownFileType = sourcecode.swift; path = "NSObject+Extension.swift"; sourceTree = "<group>"; };
		4D32E25A28328A6700A3DD31 /* UITableView+Extension.swift */ = {isa = PBXFileReference; lastKnownFileType = sourcecode.swift; path = "UITableView+Extension.swift"; sourceTree = "<group>"; };
		4D32E25C28328A7600A3DD31 /* UICollectionView+Extension.swift */ = {isa = PBXFileReference; lastKnownFileType = sourcecode.swift; path = "UICollectionView+Extension.swift"; sourceTree = "<group>"; };
		4D39BF6E283FCF1C0097A6EF /* Auth.swift */ = {isa = PBXFileReference; lastKnownFileType = sourcecode.swift; name = Auth.swift; path = Network/Model/Auth.swift; sourceTree = "<group>"; };
		4D39BF70283FCF430097A6EF /* AuthRouter.swift */ = {isa = PBXFileReference; lastKnownFileType = sourcecode.swift; name = AuthRouter.swift; path = Network/Router/AuthRouter.swift; sourceTree = "<group>"; };
		4D39BF72283FCF5E0097A6EF /* AuthService.swift */ = {isa = PBXFileReference; lastKnownFileType = sourcecode.swift; name = AuthService.swift; path = Network/Service/AuthService.swift; sourceTree = "<group>"; };
		4D39BF74283FDB3A0097A6EF /* EventLogger.swift */ = {isa = PBXFileReference; lastKnownFileType = sourcecode.swift; name = EventLogger.swift; path = Network/Foundation/EventLogger.swift; sourceTree = "<group>"; };
		4D85A8612841FC3D00074D78 /* TwitPostRouter.swift */ = {isa = PBXFileReference; lastKnownFileType = sourcecode.swift; name = TwitPostRouter.swift; path = Network/Router/TwitPostRouter.swift; sourceTree = "<group>"; };
		4D85A8632841FC4700074D78 /* TwitPostService.swift */ = {isa = PBXFileReference; lastKnownFileType = sourcecode.swift; name = TwitPostService.swift; path = Network/Service/TwitPostService.swift; sourceTree = "<group>"; };
		4DC622DF28348B0900186517 /* WritingToolBar.swift */ = {isa = PBXFileReference; lastKnownFileType = sourcecode.swift; path = WritingToolBar.swift; sourceTree = "<group>"; };
		4DC622E128348F2800186517 /* UIStackView+Extension.swift */ = {isa = PBXFileReference; lastKnownFileType = sourcecode.swift; path = "UIStackView+Extension.swift"; sourceTree = "<group>"; };
		4DC622E32834BB9100186517 /* CommentPermissionView.swift */ = {isa = PBXFileReference; lastKnownFileType = sourcecode.swift; path = CommentPermissionView.swift; sourceTree = "<group>"; };
		4DC622E52834BE3D00186517 /* AlbumCollectionView.swift */ = {isa = PBXFileReference; lastKnownFileType = sourcecode.swift; path = AlbumCollectionView.swift; sourceTree = "<group>"; };
		4DC622E72834C4D400186517 /* IconCollectionViewCell.swift */ = {isa = PBXFileReference; lastKnownFileType = sourcecode.swift; path = IconCollectionViewCell.swift; sourceTree = "<group>"; };
		4DC622E92834C4E800186517 /* ImageCollectionViewCell.swift */ = {isa = PBXFileReference; lastKnownFileType = sourcecode.swift; path = ImageCollectionViewCell.swift; sourceTree = "<group>"; };
		4DC622EB2834C6F700186517 /* WritingViewController+Extesion.swift */ = {isa = PBXFileReference; lastKnownFileType = sourcecode.swift; path = "WritingViewController+Extesion.swift"; sourceTree = "<group>"; };
		4DC622ED2834DA5300186517 /* MyPhoto.swift */ = {isa = PBXFileReference; lastKnownFileType = sourcecode.swift; path = MyPhoto.swift; sourceTree = "<group>"; };
		4DE1C5FB284200B800B68602 /* Writer.swift */ = {isa = PBXFileReference; lastKnownFileType = sourcecode.swift; name = Writer.swift; path = Network/Model/Writer.swift; sourceTree = "<group>"; };
		B58AC0C0284611D000AD88D3 /* User.swift */ = {isa = PBXFileReference; lastKnownFileType = sourcecode.swift; name = User.swift; path = Network/Model/User.swift; sourceTree = "<group>"; };
		B58AC0C22846142C00AD88D3 /* UserRouter.swift */ = {isa = PBXFileReference; lastKnownFileType = sourcecode.swift; name = UserRouter.swift; path = Network/Router/UserRouter.swift; sourceTree = "<group>"; };
		B58AC0C4284616F500AD88D3 /* UserService.swift */ = {isa = PBXFileReference; lastKnownFileType = sourcecode.swift; name = UserService.swift; path = Network/Service/UserService.swift; sourceTree = "<group>"; };
		B58AC0C6284618AA00AD88D3 /* Twit.swift */ = {isa = PBXFileReference; lastKnownFileType = sourcecode.swift; name = Twit.swift; path = Network/Model/Twit.swift; sourceTree = "<group>"; };
		B58AC0C828461A7500AD88D3 /* Like.swift */ = {isa = PBXFileReference; lastKnownFileType = sourcecode.swift; name = Like.swift; path = Network/Model/Like.swift; sourceTree = "<group>"; };
		B58AC0CA284624E200AD88D3 /* String+Extension.swift */ = {isa = PBXFileReference; lastKnownFileType = sourcecode.swift; path = "String+Extension.swift"; sourceTree = "<group>"; };
		B58AC0CC2848AAE300AD88D3 /* Date+Extension.swift */ = {isa = PBXFileReference; lastKnownFileType = sourcecode.swift; path = "Date+Extension.swift"; sourceTree = "<group>"; };
		B5939AC82834F95100A769BF /* TweetTableViewCell.swift */ = {isa = PBXFileReference; lastKnownFileType = sourcecode.swift; name = TweetTableViewCell.swift; path = "Twitter-iOS/Screens/Profile/Minjae/StoryBoard/TweetTableViewCell.swift"; sourceTree = SOURCE_ROOT; };
		B5939AC92834F95100A769BF /* TweetTableViewCell.xib */ = {isa = PBXFileReference; lastKnownFileType = file.xib; name = TweetTableViewCell.xib; path = "Twitter-iOS/Screens/Profile/Minjae/Xib/TweetTableViewCell.xib"; sourceTree = SOURCE_ROOT; };
		B5D95D452835329800AA3C1F /* TweetModel.swift */ = {isa = PBXFileReference; lastKnownFileType = sourcecode.swift; path = TweetModel.swift; sourceTree = "<group>"; };
		B5DEFE9E28349C7C00D64C5E /* TweetViewController.swift */ = {isa = PBXFileReference; lastKnownFileType = sourcecode.swift; path = TweetViewController.swift; sourceTree = "<group>"; };
		B5DEFEA028349C9900D64C5E /* TweetAndReplyViewController.swift */ = {isa = PBXFileReference; lastKnownFileType = sourcecode.swift; path = TweetAndReplyViewController.swift; sourceTree = "<group>"; };
		B5DEFEA228349CA700D64C5E /* MediaViewController.swift */ = {isa = PBXFileReference; lastKnownFileType = sourcecode.swift; path = MediaViewController.swift; sourceTree = "<group>"; };
		B5DEFEA428349CBB00D64C5E /* FavoriteViewController.swift */ = {isa = PBXFileReference; lastKnownFileType = sourcecode.swift; path = FavoriteViewController.swift; sourceTree = "<group>"; };
		B5DEFEA82834F1BE00D64C5E /* Tweet.storyboard */ = {isa = PBXFileReference; lastKnownFileType = file.storyboard; path = Tweet.storyboard; sourceTree = "<group>"; };
/* End PBXFileReference section */

/* Begin PBXFrameworksBuildPhase section */
		4D32E1DB283108CC00A3DD31 /* Frameworks */ = {
			isa = PBXFrameworksBuildPhase;
			buildActionMask = 2147483647;
			files = (
				4D32E22C28311B8F00A3DD31 /* Alamofire in Frameworks */,
				4D32E22F28311BC400A3DD31 /* SnapKit in Frameworks */,
				1A99661028355E23000A9BC8 /* Tabman in Frameworks */,
			);
			runOnlyForDeploymentPostprocessing = 0;
		};
/* End PBXFrameworksBuildPhase section */

/* Begin PBXGroup section */
		1A41E46F2835FF7C006073D5 /* TabBar */ = {
			isa = PBXGroup;
			children = (
				1A41E45F2835D1BE006073D5 /* TabManViewController.swift */,
				1A41E4632835D2F4006073D5 /* SecondTabViewController.swift */,
				1A41E4652835D300006073D5 /* ThirdTabViewController.swift */,
				1A41E4672835D317006073D5 /* FourthTabViewController.swift */,
			);
			path = TabBar;
			sourceTree = "<group>";
		};
		1A457DC928374D9800DD123C /* Model */ = {
			isa = PBXGroup;
			children = (
				1A457DD02837753700DD123C /* TwittModel.swift */,
				1A166BFF283F5F59003AC3F7 /* ProfileModel.swift */,
				1A8FFC192847307600F7E1B9 /* YJUser.swift */,
				1A8FFC1F28473CCF00F7E1B9 /* YJTwitt.swift */,
				1A8FFC212847426E00F7E1B9 /* YJLike.swift */,
				1A5FFB272848FFC80075F3B6 /* YJWriter.swift */,
			);
			path = Model;
			sourceTree = "<group>";
		};
		1A4C317D283362A8007A48A3 /* TabBar */ = {
			isa = PBXGroup;
			children = (
				1A4C317E283362C1007A48A3 /* TabBar.storyboard */,
				1A4C3187283362FF007A48A3 /* Alarm.storyboard */,
			);
			path = TabBar;
			sourceTree = "<group>";
		};
		1A8FFC1628472ED100F7E1B9 /* Network */ = {
			isa = PBXGroup;
			children = (
				1A8FFC182847306000F7E1B9 /* Service */,
				1A8FFC172847305700F7E1B9 /* Router */,
				1A457DC928374D9800DD123C /* Model */,
			);
			path = Network;
			sourceTree = "<group>";
		};
		1A8FFC172847305700F7E1B9 /* Router */ = {
			isa = PBXGroup;
			children = (
				1A8FFC1B284733D200F7E1B9 /* YJUserRouter.swift */,
			);
			path = Router;
			sourceTree = "<group>";
		};
		1A8FFC182847306000F7E1B9 /* Service */ = {
			isa = PBXGroup;
			children = (
				1A8FFC1D2847381100F7E1B9 /* TwittService.swift */,
			);
			path = Service;
			sourceTree = "<group>";
		};
		4D153CB628389E090072B731 /* Network */ = {
			isa = PBXGroup;
			children = (
				4D153CB728389F4A0072B731 /* Foundation */,
				4D153CB828389F650072B731 /* Model */,
				4D153CB928389F720072B731 /* Router */,
				4D153CBA28389F770072B731 /* Service */,
			);
			name = Network;
			sourceTree = "<group>";
		};
		4D153CB728389F4A0072B731 /* Foundation */ = {
			isa = PBXGroup;
			children = (
				4D153CBB28389F9C0072B731 /* APIConstants */,
				4D153CBC28389FAF0072B731 /* APIEnvironment.swift */,
				4D153CC22838A0010072B731 /* NetworkResult.swift */,
				4D153CC42838A00F0072B731 /* BaseRouter.swift */,
				4D153CC62838A01B0072B731 /* BaseService.swift */,
				4D39BF74283FDB3A0097A6EF /* EventLogger.swift */,
			);
			name = Foundation;
			sourceTree = "<group>";
		};
		4D153CB828389F650072B731 /* Model */ = {
			isa = PBXGroup;
			children = (
				4D153CC82838B1E20072B731 /* GeneralResponse.swift */,
				4D39BF6E283FCF1C0097A6EF /* Auth.swift */,
				4DE1C5FB284200B800B68602 /* Writer.swift */,
				B58AC0C0284611D000AD88D3 /* User.swift */,
				B58AC0C6284618AA00AD88D3 /* Twit.swift */,
				B58AC0C828461A7500AD88D3 /* Like.swift */,
			);
			name = Model;
			sourceTree = "<group>";
		};
		4D153CB928389F720072B731 /* Router */ = {
			isa = PBXGroup;
			children = (
				4D39BF70283FCF430097A6EF /* AuthRouter.swift */,
				4D85A8612841FC3D00074D78 /* TwitPostRouter.swift */,
				B58AC0C22846142C00AD88D3 /* UserRouter.swift */,
			);
			name = Router;
			sourceTree = "<group>";
		};
		4D153CBA28389F770072B731 /* Service */ = {
			isa = PBXGroup;
			children = (
				4D39BF72283FCF5E0097A6EF /* AuthService.swift */,
				4D85A8632841FC4700074D78 /* TwitPostService.swift */,
				B58AC0C4284616F500AD88D3 /* UserService.swift */,
			);
			name = Service;
			sourceTree = "<group>";
		};
		4D153CBB28389F9C0072B731 /* APIConstants */ = {
			isa = PBXGroup;
			children = (
				4D153CBE28389FD00072B731 /* NetworkConstants.swift */,
			);
			name = APIConstants;
			sourceTree = "<group>";
		};
		4D32E1D5283108CC00A3DD31 = {
			isa = PBXGroup;
			children = (
				4D32E1E0283108CC00A3DD31 /* Twitter-iOS */,
				4D32E1DF283108CC00A3DD31 /* Products */,
			);
			sourceTree = "<group>";
		};
		4D32E1DF283108CC00A3DD31 /* Products */ = {
			isa = PBXGroup;
			children = (
				4D32E1DE283108CC00A3DD31 /* Twitter-iOS.app */,
			);
			name = Products;
			sourceTree = "<group>";
		};
		4D32E1E0283108CC00A3DD31 /* Twitter-iOS */ = {
			isa = PBXGroup;
			children = (
				4D153CB628389E090072B731 /* Network */,
				4D32E1F52831121800A3DD31 /* Global */,
				4D32E1F62831123000A3DD31 /* Screens */,
			);
			path = "Twitter-iOS";
			sourceTree = "<group>";
		};
		4D32E1F52831121800A3DD31 /* Global */ = {
			isa = PBXGroup;
			children = (
				4D32E1FA2831143300A3DD31 /* Literal */,
				4D32E1FC2831144A00A3DD31 /* Base */,
				4D32E1FD2831146000A3DD31 /* Protocol */,
				4D32E1FE2831148400A3DD31 /* Utils */,
				4D32E1FF2831148C00A3DD31 /* Extension */,
				4D32E2002831149300A3DD31 /* Resource */,
				4D32E2012831149B00A3DD31 /* UIComponent */,
				4D32E202283114A100A3DD31 /* Supports */,
			);
			path = Global;
			sourceTree = "<group>";
		};
		4D32E1F62831123000A3DD31 /* Screens */ = {
			isa = PBXGroup;
			children = (
				1A4C317D283362A8007A48A3 /* TabBar */,
				4D32E1F9283113EB00A3DD31 /* Profile */,
				4D32E1F82831128B00A3DD31 /* Writing */,
			);
			path = Screens;
			sourceTree = "<group>";
		};
		4D32E1F82831128B00A3DD31 /* Writing */ = {
			isa = PBXGroup;
			children = (
				4D32E2052831153600A3DD31 /* Suyeon */,
				4D32E2062831153C00A3DD31 /* Minjae */,
				4D32E2072831155200A3DD31 /* Yujin */,
			);
			path = Writing;
			sourceTree = "<group>";
		};
		4D32E1F9283113EB00A3DD31 /* Profile */ = {
			isa = PBXGroup;
			children = (
				4D32E2082831156500A3DD31 /* Suyeon */,
				4D32E203283114D000A3DD31 /* Minjae */,
				4D32E2042831151C00A3DD31 /* Yujin */,
			);
			path = Profile;
			sourceTree = "<group>";
		};
		4D32E1FA2831143300A3DD31 /* Literal */ = {
			isa = PBXGroup;
			children = (
				4D32E2442832832600A3DD31 /* ImageLiteral.swift */,
			);
			path = Literal;
			sourceTree = "<group>";
		};
		4D32E1FC2831144A00A3DD31 /* Base */ = {
			isa = PBXGroup;
			children = (
			);
			path = Base;
			sourceTree = "<group>";
		};
		4D32E1FD2831146000A3DD31 /* Protocol */ = {
			isa = PBXGroup;
			children = (
			);
			path = Protocol;
			sourceTree = "<group>";
		};
		4D32E1FE2831148400A3DD31 /* Utils */ = {
			isa = PBXGroup;
			children = (
			);
			path = Utils;
			sourceTree = "<group>";
		};
		4D32E1FF2831148C00A3DD31 /* Extension */ = {
			isa = PBXGroup;
			children = (
				4D32E23E2832771800A3DD31 /* UIFont+Extension.swift */,
				4D32E24028327B6D00A3DD31 /* UIColor+Extension.swift */,
				4D32E246283284DD00A3DD31 /* UIView+Extension.swift */,
				4D32E250283287D100A3DD31 /* UITextField+Extension.swift */,
				4D32E2482832852A00A3DD31 /* UILabel+Extension.swift */,
				4D32E24A2832853C00A3DD31 /* UIButton+Extension.swift */,
				4D32E24C2832855000A3DD31 /* UIViewController+Extension.swift */,
				4D32E24E283285B700A3DD31 /* Adjusted+Extension.swift */,
				4D32E25828328A2800A3DD31 /* NSObject+Extension.swift */,
				4D32E25A28328A6700A3DD31 /* UITableView+Extension.swift */,
				4D32E25C28328A7600A3DD31 /* UICollectionView+Extension.swift */,
				4DC622E128348F2800186517 /* UIStackView+Extension.swift */,
				B58AC0CA284624E200AD88D3 /* String+Extension.swift */,
				B58AC0CC2848AAE300AD88D3 /* Date+Extension.swift */,
			);
			path = Extension;
			sourceTree = "<group>";
		};
		4D32E2002831149300A3DD31 /* Resource */ = {
			isa = PBXGroup;
			children = (
				4D32E1EA283108CF00A3DD31 /* Assets.xcassets */,
				4D32E24228327D3600A3DD31 /* Colors.xcassets */,
				4D32E1EC283108CF00A3DD31 /* LaunchScreen.storyboard */,
				4D32E1E7283108CC00A3DD31 /* Main.storyboard */,
				4D32E221283117E700A3DD31 /* Font */,
				4D32E220283117DB00A3DD31 /* Lottie */,
			);
			path = Resource;
			sourceTree = "<group>";
		};
		4D32E2012831149B00A3DD31 /* UIComponent */ = {
			isa = PBXGroup;
			children = (
			);
			path = UIComponent;
			sourceTree = "<group>";
		};
		4D32E202283114A100A3DD31 /* Supports */ = {
			isa = PBXGroup;
			children = (
				4D32E1E1283108CC00A3DD31 /* AppDelegate.swift */,
				4D32E1E3283108CC00A3DD31 /* SceneDelegate.swift */,
				4D32E1EF283108CF00A3DD31 /* Info.plist */,
			);
			path = Supports;
			sourceTree = "<group>";
		};
		4D32E203283114D000A3DD31 /* Minjae */ = {
			isa = PBXGroup;
			children = (
				B5D95D432835326300AA3C1F /* Network */,
				4D32E20B2831161200A3DD31 /* ViewController */,
				4D32E2122831169A00A3DD31 /* StoryBoard */,
				4D32E2112831167900A3DD31 /* Xib */,
				4D32E20C2831161D00A3DD31 /* Cell */,
			);
			path = Minjae;
			sourceTree = "<group>";
		};
		4D32E2042831151C00A3DD31 /* Yujin */ = {
			isa = PBXGroup;
			children = (
				1A8FFC1628472ED100F7E1B9 /* Network */,
				4D32E20D2831162300A3DD31 /* ViewController */,
				4D32E20F2831163100A3DD31 /* StoryBoard */,
				4D32E2102831164D00A3DD31 /* Xib */,
				4D32E20E2831162D00A3DD31 /* Cell */,
			);
			path = Yujin;
			sourceTree = "<group>";
		};
		4D32E2052831153600A3DD31 /* Suyeon */ = {
			isa = PBXGroup;
			children = (
				4DC622EF2834DA5E00186517 /* Model */,
				4D32E214283116F300A3DD31 /* ViewController */,
				4D32E2162831170200A3DD31 /* Component */,
				4D32E215283116FC00A3DD31 /* Cell */,
			);
			path = Suyeon;
			sourceTree = "<group>";
		};
		4D32E2062831153C00A3DD31 /* Minjae */ = {
			isa = PBXGroup;
			children = (
				4D32E21B2831174900A3DD31 /* ViewController */,
				4D32E21A2831174100A3DD31 /* StoryBoard */,
				4D32E2192831173E00A3DD31 /* Xib */,
				4D32E2182831173900A3DD31 /* Cell */,
			);
			path = Minjae;
			sourceTree = "<group>";
		};
		4D32E2072831155200A3DD31 /* Yujin */ = {
			isa = PBXGroup;
			children = (
				4D32E21F2831176200A3DD31 /* ViewController */,
				4D32E21E2831175800A3DD31 /* StoryBoard */,
				4D32E21D2831175300A3DD31 /* Xib */,
				4D32E21C2831175100A3DD31 /* Cell */,
			);
			path = Yujin;
			sourceTree = "<group>";
		};
		4D32E2082831156500A3DD31 /* Suyeon */ = {
			isa = PBXGroup;
			children = (
				4D32E209283115F000A3DD31 /* ViewController */,
				4D32E27F2833BDF500A3DD31 /* Storyboard */,
				4D32E2172831171C00A3DD31 /* Component */,
				4D32E20A283115FC00A3DD31 /* Cell */,
			);
			path = Suyeon;
			sourceTree = "<group>";
		};
		4D32E209283115F000A3DD31 /* ViewController */ = {
			isa = PBXGroup;
			children = (
				4D32E2282831192100A3DD31 /* SuYeonProfileViewController.swift */,
			);
			path = ViewController;
			sourceTree = "<group>";
		};
		4D32E20A283115FC00A3DD31 /* Cell */ = {
			isa = PBXGroup;
			children = (
			);
			path = Cell;
			sourceTree = "<group>";
		};
		4D32E20B2831161200A3DD31 /* ViewController */ = {
			isa = PBXGroup;
			children = (
				4D32E224283118FA00A3DD31 /* ProfileViewController.swift */,
				B5DEFE9E28349C7C00D64C5E /* TweetViewController.swift */,
				B5DEFEA028349C9900D64C5E /* TweetAndReplyViewController.swift */,
				B5DEFEA228349CA700D64C5E /* MediaViewController.swift */,
				B5DEFEA428349CBB00D64C5E /* FavoriteViewController.swift */,
			);
			path = ViewController;
			sourceTree = "<group>";
		};
		4D32E20C2831161D00A3DD31 /* Cell */ = {
			isa = PBXGroup;
			children = (
				B5939AC82834F95100A769BF /* TweetTableViewCell.swift */,
			);
			path = Cell;
			sourceTree = "<group>";
		};
		4D32E20D2831162300A3DD31 /* ViewController */ = {
			isa = PBXGroup;
			children = (
				1A41E46F2835FF7C006073D5 /* TabBar */,
				1A41E4612835D2E3006073D5 /* HomeTabViewController.swift */,
				4D32E2262831190D00A3DD31 /* YuJinProfileViewController.swift */,
				1A166BFD283F4D03003AC3F7 /* YujinStoryboard2ViewController.swift */,
			);
			path = ViewController;
			sourceTree = "<group>";
		};
		4D32E20E2831162D00A3DD31 /* Cell */ = {
			isa = PBXGroup;
			children = (
				1A41E47028360504006073D5 /* TwitterRetwittTableViewCell.swift */,
				1A41E4742836051A006073D5 /* TwitterMyTwittTableViewCell.swift */,
			);
			path = Cell;
			sourceTree = "<group>";
		};
		4D32E20F2831163100A3DD31 /* StoryBoard */ = {
			isa = PBXGroup;
			children = (
				1A4C3185283362E7007A48A3 /* Yujin.storyboard */,
				1A41E4692835FCC2006073D5 /* TableView.storyboard */,
				1A166BF7283F45DE003AC3F7 /* YujinStoryboard2.storyboard */,
			);
			path = StoryBoard;
			sourceTree = "<group>";
		};
		4D32E2102831164D00A3DD31 /* Xib */ = {
			isa = PBXGroup;
			children = (
				1A41E47128360504006073D5 /* TwitterRetwittTableViewCell.xib */,
				1A41E4752836051A006073D5 /* TwitterMyTwittTableViewCell.xib */,
			);
			path = Xib;
			sourceTree = "<group>";
		};
		4D32E2112831167900A3DD31 /* Xib */ = {
			isa = PBXGroup;
			children = (
				B5939AC92834F95100A769BF /* TweetTableViewCell.xib */,
			);
			path = Xib;
			sourceTree = "<group>";
		};
		4D32E2122831169A00A3DD31 /* StoryBoard */ = {
			isa = PBXGroup;
			children = (
				1A4C3181283362D7007A48A3 /* Profile.storyboard */,
				B5DEFEA82834F1BE00D64C5E /* Tweet.storyboard */,
			);
			path = StoryBoard;
			sourceTree = "<group>";
		};
		4D32E214283116F300A3DD31 /* ViewController */ = {
			isa = PBXGroup;
			children = (
				4D32E222283118CF00A3DD31 /* SuYeonWritingViewController.swift */,
				4DC622EB2834C6F700186517 /* WritingViewController+Extesion.swift */,
			);
			path = ViewController;
			sourceTree = "<group>";
		};
		4D32E215283116FC00A3DD31 /* Cell */ = {
			isa = PBXGroup;
			children = (
				4DC622E72834C4D400186517 /* IconCollectionViewCell.swift */,
				4DC622E92834C4E800186517 /* ImageCollectionViewCell.swift */,
			);
			path = Cell;
			sourceTree = "<group>";
		};
		4D32E2162831170200A3DD31 /* Component */ = {
			isa = PBXGroup;
			children = (
				4DC622DF28348B0900186517 /* WritingToolBar.swift */,
				4DC622E32834BB9100186517 /* CommentPermissionView.swift */,
				4DC622E52834BE3D00186517 /* AlbumCollectionView.swift */,
			);
			path = Component;
			sourceTree = "<group>";
		};
		4D32E2172831171C00A3DD31 /* Component */ = {
			isa = PBXGroup;
			children = (
			);
			path = Component;
			sourceTree = "<group>";
		};
		4D32E2182831173900A3DD31 /* Cell */ = {
			isa = PBXGroup;
			children = (
			);
			path = Cell;
			sourceTree = "<group>";
		};
		4D32E2192831173E00A3DD31 /* Xib */ = {
			isa = PBXGroup;
			children = (
			);
			path = Xib;
			sourceTree = "<group>";
		};
		4D32E21A2831174100A3DD31 /* StoryBoard */ = {
			isa = PBXGroup;
			children = (
			);
			path = StoryBoard;
			sourceTree = "<group>";
		};
		4D32E21B2831174900A3DD31 /* ViewController */ = {
			isa = PBXGroup;
			children = (
			);
			path = ViewController;
			sourceTree = "<group>";
		};
		4D32E21C2831175100A3DD31 /* Cell */ = {
			isa = PBXGroup;
			children = (
			);
			path = Cell;
			sourceTree = "<group>";
		};
		4D32E21D2831175300A3DD31 /* Xib */ = {
			isa = PBXGroup;
			children = (
			);
			path = Xib;
			sourceTree = "<group>";
		};
		4D32E21E2831175800A3DD31 /* StoryBoard */ = {
			isa = PBXGroup;
			children = (
			);
			path = StoryBoard;
			sourceTree = "<group>";
		};
		4D32E21F2831176200A3DD31 /* ViewController */ = {
			isa = PBXGroup;
			children = (
			);
			path = ViewController;
			sourceTree = "<group>";
		};
		4D32E220283117DB00A3DD31 /* Lottie */ = {
			isa = PBXGroup;
			children = (
			);
			path = Lottie;
			sourceTree = "<group>";
		};
		4D32E221283117E700A3DD31 /* Font */ = {
			isa = PBXGroup;
			children = (
				4D32E23B2832762700A3DD31 /* Roboto-Black.ttf */,
				4D32E23A2832762700A3DD31 /* Roboto-Bold.ttf */,
				4D32E2362832762100A3DD31 /* Roboto-Light.ttf */,
				4D32E2352832762000A3DD31 /* Roboto-Medium.ttf */,
				4D32E2342832762000A3DD31 /* Roboto-Regular.ttf */,
				4D32E2302832761600A3DD31 /* Helvetica Bold.ttf */,
				4D32E2312832761600A3DD31 /* Helvetica Light.ttf */,
			);
			path = Font;
			sourceTree = "<group>";
		};
		4D32E27F2833BDF500A3DD31 /* Storyboard */ = {
			isa = PBXGroup;
			children = (
				1A4C3183283362DF007A48A3 /* Suyeon.storyboard */,
			);
			path = Storyboard;
			sourceTree = "<group>";
		};
		4DC622EF2834DA5E00186517 /* Model */ = {
			isa = PBXGroup;
			children = (
				4DC622ED2834DA5300186517 /* MyPhoto.swift */,
			);
			path = Model;
			sourceTree = "<group>";
		};
		B5D95D432835326300AA3C1F /* Network */ = {
			isa = PBXGroup;
			children = (
				B5D95D442835328100AA3C1F /* Model */,
			);
			path = Network;
			sourceTree = "<group>";
		};
		B5D95D442835328100AA3C1F /* Model */ = {
			isa = PBXGroup;
			children = (
				B5D95D452835329800AA3C1F /* TweetModel.swift */,
			);
			path = Model;
			sourceTree = "<group>";
		};
/* End PBXGroup section */

/* Begin PBXNativeTarget section */
		4D32E1DD283108CC00A3DD31 /* Twitter-iOS */ = {
			isa = PBXNativeTarget;
			buildConfigurationList = 4D32E1F2283108CF00A3DD31 /* Build configuration list for PBXNativeTarget "Twitter-iOS" */;
			buildPhases = (
				4D32E1DA283108CC00A3DD31 /* Sources */,
				4D32E1DB283108CC00A3DD31 /* Frameworks */,
				4D32E1DC283108CC00A3DD31 /* Resources */,
			);
			buildRules = (
			);
			dependencies = (
			);
			name = "Twitter-iOS";
			packageProductDependencies = (
				4D32E22B28311B8F00A3DD31 /* Alamofire */,
				4D32E22E28311BC400A3DD31 /* SnapKit */,
				1A99660F28355E23000A9BC8 /* Tabman */,
			);
			productName = "Twitter-iOS";
			productReference = 4D32E1DE283108CC00A3DD31 /* Twitter-iOS.app */;
			productType = "com.apple.product-type.application";
		};
/* End PBXNativeTarget section */

/* Begin PBXProject section */
		4D32E1D6283108CC00A3DD31 /* Project object */ = {
			isa = PBXProject;
			attributes = {
				BuildIndependentTargetsInParallel = 1;
				LastSwiftUpdateCheck = 1330;
				LastUpgradeCheck = 1330;
				TargetAttributes = {
					4D32E1DD283108CC00A3DD31 = {
						CreatedOnToolsVersion = 13.3;
					};
				};
			};
			buildConfigurationList = 4D32E1D9283108CC00A3DD31 /* Build configuration list for PBXProject "Twitter-iOS" */;
			compatibilityVersion = "Xcode 13.0";
			developmentRegion = en;
			hasScannedForEncodings = 0;
			knownRegions = (
				en,
				Base,
			);
			mainGroup = 4D32E1D5283108CC00A3DD31;
			packageReferences = (
				4D32E22A28311B8F00A3DD31 /* XCRemoteSwiftPackageReference "Alamofire" */,
				4D32E22D28311BC400A3DD31 /* XCRemoteSwiftPackageReference "SnapKit" */,
				1A99660E28355E23000A9BC8 /* XCRemoteSwiftPackageReference "Tabman" */,
			);
			productRefGroup = 4D32E1DF283108CC00A3DD31 /* Products */;
			projectDirPath = "";
			projectRoot = "";
			targets = (
				4D32E1DD283108CC00A3DD31 /* Twitter-iOS */,
			);
		};
/* End PBXProject section */

/* Begin PBXResourcesBuildPhase section */
		4D32E1DC283108CC00A3DD31 /* Resources */ = {
			isa = PBXResourcesBuildPhase;
			buildActionMask = 2147483647;
			files = (
				1A166BF8283F45DE003AC3F7 /* YujinStoryboard2.storyboard in Resources */,
				4D32E2372832762100A3DD31 /* Roboto-Regular.ttf in Resources */,
				4D32E2322832761600A3DD31 /* Helvetica Bold.ttf in Resources */,
				1A4C3182283362D7007A48A3 /* Profile.storyboard in Resources */,
				4D32E1EE283108CF00A3DD31 /* LaunchScreen.storyboard in Resources */,
				1A4C3188283362FF007A48A3 /* Alarm.storyboard in Resources */,
				1A4C3184283362DF007A48A3 /* Suyeon.storyboard in Resources */,
				4D32E2382832762100A3DD31 /* Roboto-Medium.ttf in Resources */,
				B5939ACB2834F95100A769BF /* TweetTableViewCell.xib in Resources */,
				1A4C317F283362C1007A48A3 /* TabBar.storyboard in Resources */,
				1A4C3186283362E7007A48A3 /* Yujin.storyboard in Resources */,
				B5DEFEA92834F1BE00D64C5E /* Tweet.storyboard in Resources */,
				4D32E1EB283108CF00A3DD31 /* Assets.xcassets in Resources */,
				4D32E24328327D3600A3DD31 /* Colors.xcassets in Resources */,
				4D32E23C2832762700A3DD31 /* Roboto-Bold.ttf in Resources */,
				1A41E46A2835FCC2006073D5 /* TableView.storyboard in Resources */,
				4D32E1E9283108CC00A3DD31 /* Main.storyboard in Resources */,
				4D32E23D2832762700A3DD31 /* Roboto-Black.ttf in Resources */,
				1A41E4772836051A006073D5 /* TwitterMyTwittTableViewCell.xib in Resources */,
				4D32E2392832762100A3DD31 /* Roboto-Light.ttf in Resources */,
				4D32E2332832761600A3DD31 /* Helvetica Light.ttf in Resources */,
				1A41E47328360504006073D5 /* TwitterRetwittTableViewCell.xib in Resources */,
			);
			runOnlyForDeploymentPostprocessing = 0;
		};
/* End PBXResourcesBuildPhase section */

/* Begin PBXSourcesBuildPhase section */
		4D32E1DA283108CC00A3DD31 /* Sources */ = {
			isa = PBXSourcesBuildPhase;
			buildActionMask = 2147483647;
			files = (
				4D85A8622841FC3D00074D78 /* TwitPostRouter.swift in Sources */,
				1A166BFE283F4D03003AC3F7 /* YujinStoryboard2ViewController.swift in Sources */,
				1A457DD12837753700DD123C /* TwittModel.swift in Sources */,
				4D153CBF28389FD10072B731 /* NetworkConstants.swift in Sources */,
				1A8FFC222847426E00F7E1B9 /* YJLike.swift in Sources */,
				1A41E4762836051A006073D5 /* TwitterMyTwittTableViewCell.swift in Sources */,
				B5DEFEA528349CBB00D64C5E /* FavoriteViewController.swift in Sources */,
				4D32E25D28328A7600A3DD31 /* UICollectionView+Extension.swift in Sources */,
				4D153CC72838A01B0072B731 /* BaseService.swift in Sources */,
				B58AC0C1284611D000AD88D3 /* User.swift in Sources */,
				1A41E4622835D2E3006073D5 /* HomeTabViewController.swift in Sources */,
				B5DEFEA328349CA700D64C5E /* MediaViewController.swift in Sources */,
				1A41E4622835D2E3006073D5 /* HomeTabViewController.swift in Sources */,
				4D32E251283287D100A3DD31 /* UITextField+Extension.swift in Sources */,
				B58AC0C7284618AA00AD88D3 /* Twit.swift in Sources */,
				1A41E4642835D2F4006073D5 /* SecondTabViewController.swift in Sources */,
				4D32E2492832852A00A3DD31 /* UILabel+Extension.swift in Sources */,
				4DC622E82834C4D400186517 /* IconCollectionViewCell.swift in Sources */,
				1A166C00283F5F59003AC3F7 /* ProfileModel.swift in Sources */,
				4D32E24D2832855100A3DD31 /* UIViewController+Extension.swift in Sources */,
				4DC622E028348B0900186517 /* WritingToolBar.swift in Sources */,
				4D32E25928328A2800A3DD31 /* NSObject+Extension.swift in Sources */,
				B58AC0CD2848AAE300AD88D3 /* Date+Extension.swift in Sources */,
				4D32E23F2832771800A3DD31 /* UIFont+Extension.swift in Sources */,
				4D32E24F283285B700A3DD31 /* Adjusted+Extension.swift in Sources */,
				4D153CBD28389FAF0072B731 /* APIEnvironment.swift in Sources */,
				B5939ACA2834F95100A769BF /* TweetTableViewCell.swift in Sources */,
				4D32E25B28328A6700A3DD31 /* UITableView+Extension.swift in Sources */,
				4D32E225283118FA00A3DD31 /* ProfileViewController.swift in Sources */,
				B5DEFEA128349C9900D64C5E /* TweetAndReplyViewController.swift in Sources */,
				4DC622EC2834C6F700186517 /* WritingViewController+Extesion.swift in Sources */,
				1A8FFC2028473CCF00F7E1B9 /* YJTwitt.swift in Sources */,
				4D39BF75283FDB3A0097A6EF /* EventLogger.swift in Sources */,
				4D32E225283118FA00A3DD31 /* ProfileViewController.swift in Sources */,
				4D32E2292831192100A3DD31 /* SuYeonProfileViewController.swift in Sources */,
				1A41E4662835D300006073D5 /* ThirdTabViewController.swift in Sources */,
				4D32E1E2283108CC00A3DD31 /* AppDelegate.swift in Sources */,
				4DC622EE2834DA5300186517 /* MyPhoto.swift in Sources */,
				4D39BF6F283FCF1C0097A6EF /* Auth.swift in Sources */,
				1A5FFB282848FFC80075F3B6 /* YJWriter.swift in Sources */,
				4D32E24B2832853C00A3DD31 /* UIButton+Extension.swift in Sources */,
				4DC622E228348F2800186517 /* UIStackView+Extension.swift in Sources */,
				1A41E47228360504006073D5 /* TwitterRetwittTableViewCell.swift in Sources */,
				4D32E2452832832600A3DD31 /* ImageLiteral.swift in Sources */,
				B58AC0C928461A7500AD88D3 /* Like.swift in Sources */,
				1A41E4602835D1BE006073D5 /* TabManViewController.swift in Sources */,
				4D32E223283118CF00A3DD31 /* SuYeonWritingViewController.swift in Sources */,
				4D32E1E4283108CC00A3DD31 /* SceneDelegate.swift in Sources */,
				B58AC0C5284616F500AD88D3 /* UserService.swift in Sources */,
				4DC622EA2834C4E800186517 /* ImageCollectionViewCell.swift in Sources */,
				4D153CC32838A0010072B731 /* NetworkResult.swift in Sources */,
				4DC622E42834BB9100186517 /* CommentPermissionView.swift in Sources */,
				4D153CC52838A00F0072B731 /* BaseRouter.swift in Sources */,
				1A8FFC1E2847381100F7E1B9 /* TwittService.swift in Sources */,
				4D85A8642841FC4700074D78 /* TwitPostService.swift in Sources */,
				4D32E2272831190D00A3DD31 /* YuJinProfileViewController.swift in Sources */,
				4D32E247283284DD00A3DD31 /* UIView+Extension.swift in Sources */,
				1A41E4682835D317006073D5 /* FourthTabViewController.swift in Sources */,
				B5D95D462835329800AA3C1F /* TweetModel.swift in Sources */,
				4D153CC92838B1E20072B731 /* GeneralResponse.swift in Sources */,
				4DC622E62834BE3D00186517 /* AlbumCollectionView.swift in Sources */,
				4DE1C5FC284200B800B68602 /* Writer.swift in Sources */,
				4D32E24128327B6D00A3DD31 /* UIColor+Extension.swift in Sources */,
				B58AC0C32846142C00AD88D3 /* UserRouter.swift in Sources */,
				4D39BF71283FCF430097A6EF /* AuthRouter.swift in Sources */,
				B58AC0CB284624E200AD88D3 /* String+Extension.swift in Sources */,
				B5DEFE9F28349C7C00D64C5E /* TweetViewController.swift in Sources */,
				1A8FFC1C284733D200F7E1B9 /* YJUserRouter.swift in Sources */,
				4D39BF73283FCF5E0097A6EF /* AuthService.swift in Sources */,
			);
			runOnlyForDeploymentPostprocessing = 0;
		};
/* End PBXSourcesBuildPhase section */

/* Begin PBXVariantGroup section */
		4D32E1E7283108CC00A3DD31 /* Main.storyboard */ = {
			isa = PBXVariantGroup;
			children = (
				4D32E1E8283108CC00A3DD31 /* Base */,
			);
			name = Main.storyboard;
			sourceTree = "<group>";
		};
		4D32E1EC283108CF00A3DD31 /* LaunchScreen.storyboard */ = {
			isa = PBXVariantGroup;
			children = (
				4D32E1ED283108CF00A3DD31 /* Base */,
			);
			name = LaunchScreen.storyboard;
			sourceTree = "<group>";
		};
/* End PBXVariantGroup section */

/* Begin XCBuildConfiguration section */
		4D32E1F0283108CF00A3DD31 /* Debug */ = {
			isa = XCBuildConfiguration;
			buildSettings = {
				ALWAYS_SEARCH_USER_PATHS = NO;
				CLANG_ANALYZER_NONNULL = YES;
				CLANG_ANALYZER_NUMBER_OBJECT_CONVERSION = YES_AGGRESSIVE;
				CLANG_CXX_LANGUAGE_STANDARD = "gnu++17";
				CLANG_ENABLE_MODULES = YES;
				CLANG_ENABLE_OBJC_ARC = YES;
				CLANG_ENABLE_OBJC_WEAK = YES;
				CLANG_WARN_BLOCK_CAPTURE_AUTORELEASING = YES;
				CLANG_WARN_BOOL_CONVERSION = YES;
				CLANG_WARN_COMMA = YES;
				CLANG_WARN_CONSTANT_CONVERSION = YES;
				CLANG_WARN_DEPRECATED_OBJC_IMPLEMENTATIONS = YES;
				CLANG_WARN_DIRECT_OBJC_ISA_USAGE = YES_ERROR;
				CLANG_WARN_DOCUMENTATION_COMMENTS = YES;
				CLANG_WARN_EMPTY_BODY = YES;
				CLANG_WARN_ENUM_CONVERSION = YES;
				CLANG_WARN_INFINITE_RECURSION = YES;
				CLANG_WARN_INT_CONVERSION = YES;
				CLANG_WARN_NON_LITERAL_NULL_CONVERSION = YES;
				CLANG_WARN_OBJC_IMPLICIT_RETAIN_SELF = YES;
				CLANG_WARN_OBJC_LITERAL_CONVERSION = YES;
				CLANG_WARN_OBJC_ROOT_CLASS = YES_ERROR;
				CLANG_WARN_QUOTED_INCLUDE_IN_FRAMEWORK_HEADER = YES;
				CLANG_WARN_RANGE_LOOP_ANALYSIS = YES;
				CLANG_WARN_STRICT_PROTOTYPES = YES;
				CLANG_WARN_SUSPICIOUS_MOVE = YES;
				CLANG_WARN_UNGUARDED_AVAILABILITY = YES_AGGRESSIVE;
				CLANG_WARN_UNREACHABLE_CODE = YES;
				CLANG_WARN__DUPLICATE_METHOD_MATCH = YES;
				COPY_PHASE_STRIP = NO;
				DEBUG_INFORMATION_FORMAT = dwarf;
				ENABLE_STRICT_OBJC_MSGSEND = YES;
				ENABLE_TESTABILITY = YES;
				GCC_C_LANGUAGE_STANDARD = gnu11;
				GCC_DYNAMIC_NO_PIC = NO;
				GCC_NO_COMMON_BLOCKS = YES;
				GCC_OPTIMIZATION_LEVEL = 0;
				GCC_PREPROCESSOR_DEFINITIONS = (
					"DEBUG=1",
					"$(inherited)",
				);
				GCC_WARN_64_TO_32_BIT_CONVERSION = YES;
				GCC_WARN_ABOUT_RETURN_TYPE = YES_ERROR;
				GCC_WARN_UNDECLARED_SELECTOR = YES;
				GCC_WARN_UNINITIALIZED_AUTOS = YES_AGGRESSIVE;
				GCC_WARN_UNUSED_FUNCTION = YES;
				GCC_WARN_UNUSED_VARIABLE = YES;
				IPHONEOS_DEPLOYMENT_TARGET = 15.4;
				MTL_ENABLE_DEBUG_INFO = INCLUDE_SOURCE;
				MTL_FAST_MATH = YES;
				ONLY_ACTIVE_ARCH = YES;
				SDKROOT = iphoneos;
				SWIFT_ACTIVE_COMPILATION_CONDITIONS = DEBUG;
				SWIFT_OPTIMIZATION_LEVEL = "-Onone";
			};
			name = Debug;
		};
		4D32E1F1283108CF00A3DD31 /* Release */ = {
			isa = XCBuildConfiguration;
			buildSettings = {
				ALWAYS_SEARCH_USER_PATHS = NO;
				CLANG_ANALYZER_NONNULL = YES;
				CLANG_ANALYZER_NUMBER_OBJECT_CONVERSION = YES_AGGRESSIVE;
				CLANG_CXX_LANGUAGE_STANDARD = "gnu++17";
				CLANG_ENABLE_MODULES = YES;
				CLANG_ENABLE_OBJC_ARC = YES;
				CLANG_ENABLE_OBJC_WEAK = YES;
				CLANG_WARN_BLOCK_CAPTURE_AUTORELEASING = YES;
				CLANG_WARN_BOOL_CONVERSION = YES;
				CLANG_WARN_COMMA = YES;
				CLANG_WARN_CONSTANT_CONVERSION = YES;
				CLANG_WARN_DEPRECATED_OBJC_IMPLEMENTATIONS = YES;
				CLANG_WARN_DIRECT_OBJC_ISA_USAGE = YES_ERROR;
				CLANG_WARN_DOCUMENTATION_COMMENTS = YES;
				CLANG_WARN_EMPTY_BODY = YES;
				CLANG_WARN_ENUM_CONVERSION = YES;
				CLANG_WARN_INFINITE_RECURSION = YES;
				CLANG_WARN_INT_CONVERSION = YES;
				CLANG_WARN_NON_LITERAL_NULL_CONVERSION = YES;
				CLANG_WARN_OBJC_IMPLICIT_RETAIN_SELF = YES;
				CLANG_WARN_OBJC_LITERAL_CONVERSION = YES;
				CLANG_WARN_OBJC_ROOT_CLASS = YES_ERROR;
				CLANG_WARN_QUOTED_INCLUDE_IN_FRAMEWORK_HEADER = YES;
				CLANG_WARN_RANGE_LOOP_ANALYSIS = YES;
				CLANG_WARN_STRICT_PROTOTYPES = YES;
				CLANG_WARN_SUSPICIOUS_MOVE = YES;
				CLANG_WARN_UNGUARDED_AVAILABILITY = YES_AGGRESSIVE;
				CLANG_WARN_UNREACHABLE_CODE = YES;
				CLANG_WARN__DUPLICATE_METHOD_MATCH = YES;
				COPY_PHASE_STRIP = NO;
				DEBUG_INFORMATION_FORMAT = "dwarf-with-dsym";
				ENABLE_NS_ASSERTIONS = NO;
				ENABLE_STRICT_OBJC_MSGSEND = YES;
				GCC_C_LANGUAGE_STANDARD = gnu11;
				GCC_NO_COMMON_BLOCKS = YES;
				GCC_WARN_64_TO_32_BIT_CONVERSION = YES;
				GCC_WARN_ABOUT_RETURN_TYPE = YES_ERROR;
				GCC_WARN_UNDECLARED_SELECTOR = YES;
				GCC_WARN_UNINITIALIZED_AUTOS = YES_AGGRESSIVE;
				GCC_WARN_UNUSED_FUNCTION = YES;
				GCC_WARN_UNUSED_VARIABLE = YES;
				IPHONEOS_DEPLOYMENT_TARGET = 15.4;
				MTL_ENABLE_DEBUG_INFO = NO;
				MTL_FAST_MATH = YES;
				SDKROOT = iphoneos;
				SWIFT_COMPILATION_MODE = wholemodule;
				SWIFT_OPTIMIZATION_LEVEL = "-O";
				VALIDATE_PRODUCT = YES;
			};
			name = Release;
		};
		4D32E1F3283108CF00A3DD31 /* Debug */ = {
			isa = XCBuildConfiguration;
			buildSettings = {
				ASSETCATALOG_COMPILER_APPICON_NAME = AppIcon;
				ASSETCATALOG_COMPILER_GLOBAL_ACCENT_COLOR_NAME = AccentColor;
				CODE_SIGN_STYLE = Automatic;
				CURRENT_PROJECT_VERSION = 1;
				DEVELOPMENT_TEAM = L2NP7U5487;
				GENERATE_INFOPLIST_FILE = YES;
				INFOPLIST_FILE = "Twitter-iOS/Global/Supports/Info.plist";
				INFOPLIST_KEY_UIApplicationSupportsIndirectInputEvents = YES;
				INFOPLIST_KEY_UILaunchStoryboardName = LaunchScreen;
				INFOPLIST_KEY_UIMainStoryboardFile = Main;
				INFOPLIST_KEY_UISupportedInterfaceOrientations_iPad = "UIInterfaceOrientationPortrait UIInterfaceOrientationPortraitUpsideDown UIInterfaceOrientationLandscapeLeft UIInterfaceOrientationLandscapeRight";
				INFOPLIST_KEY_UISupportedInterfaceOrientations_iPhone = "UIInterfaceOrientationPortrait UIInterfaceOrientationLandscapeLeft UIInterfaceOrientationLandscapeRight";
				LD_RUNPATH_SEARCH_PATHS = (
					"$(inherited)",
					"@executable_path/Frameworks",
				);
				MARKETING_VERSION = 1.0;
				PRODUCT_BUNDLE_IDENTIFIER = "com.hapdong9.Twitter-iOS";
				PRODUCT_NAME = "$(TARGET_NAME)";
				SWIFT_EMIT_LOC_STRINGS = YES;
				SWIFT_VERSION = 5.0;
				TARGETED_DEVICE_FAMILY = "1,2";
			};
			name = Debug;
		};
		4D32E1F4283108CF00A3DD31 /* Release */ = {
			isa = XCBuildConfiguration;
			buildSettings = {
				ASSETCATALOG_COMPILER_APPICON_NAME = AppIcon;
				ASSETCATALOG_COMPILER_GLOBAL_ACCENT_COLOR_NAME = AccentColor;
				CODE_SIGN_STYLE = Automatic;
				CURRENT_PROJECT_VERSION = 1;
				DEVELOPMENT_TEAM = L2NP7U5487;
				GENERATE_INFOPLIST_FILE = YES;
				INFOPLIST_FILE = "Twitter-iOS/Global/Supports/Info.plist";
				INFOPLIST_KEY_UIApplicationSupportsIndirectInputEvents = YES;
				INFOPLIST_KEY_UILaunchStoryboardName = LaunchScreen;
				INFOPLIST_KEY_UIMainStoryboardFile = Main;
				INFOPLIST_KEY_UISupportedInterfaceOrientations_iPad = "UIInterfaceOrientationPortrait UIInterfaceOrientationPortraitUpsideDown UIInterfaceOrientationLandscapeLeft UIInterfaceOrientationLandscapeRight";
				INFOPLIST_KEY_UISupportedInterfaceOrientations_iPhone = "UIInterfaceOrientationPortrait UIInterfaceOrientationLandscapeLeft UIInterfaceOrientationLandscapeRight";
				LD_RUNPATH_SEARCH_PATHS = (
					"$(inherited)",
					"@executable_path/Frameworks",
				);
				MARKETING_VERSION = 1.0;
				PRODUCT_BUNDLE_IDENTIFIER = "com.hapdong9.Twitter-iOS";
				PRODUCT_NAME = "$(TARGET_NAME)";
				SWIFT_EMIT_LOC_STRINGS = YES;
				SWIFT_VERSION = 5.0;
				TARGETED_DEVICE_FAMILY = "1,2";
			};
			name = Release;
		};
/* End XCBuildConfiguration section */

/* Begin XCConfigurationList section */
		4D32E1D9283108CC00A3DD31 /* Build configuration list for PBXProject "Twitter-iOS" */ = {
			isa = XCConfigurationList;
			buildConfigurations = (
				4D32E1F0283108CF00A3DD31 /* Debug */,
				4D32E1F1283108CF00A3DD31 /* Release */,
			);
			defaultConfigurationIsVisible = 0;
			defaultConfigurationName = Release;
		};
		4D32E1F2283108CF00A3DD31 /* Build configuration list for PBXNativeTarget "Twitter-iOS" */ = {
			isa = XCConfigurationList;
			buildConfigurations = (
				4D32E1F3283108CF00A3DD31 /* Debug */,
				4D32E1F4283108CF00A3DD31 /* Release */,
			);
			defaultConfigurationIsVisible = 0;
			defaultConfigurationName = Release;
		};
/* End XCConfigurationList section */

/* Begin XCRemoteSwiftPackageReference section */
		1A99660E28355E23000A9BC8 /* XCRemoteSwiftPackageReference "Tabman" */ = {
			isa = XCRemoteSwiftPackageReference;
			repositoryURL = "https://github.com/uias/Tabman";
			requirement = {
				kind = upToNextMajorVersion;
				minimumVersion = 2.0.0;
			};
		};
		4D32E22A28311B8F00A3DD31 /* XCRemoteSwiftPackageReference "Alamofire" */ = {
			isa = XCRemoteSwiftPackageReference;
			repositoryURL = "https://github.com/Alamofire/Alamofire";
			requirement = {
				kind = upToNextMajorVersion;
				minimumVersion = 5.0.0;
			};
		};
		4D32E22D28311BC400A3DD31 /* XCRemoteSwiftPackageReference "SnapKit" */ = {
			isa = XCRemoteSwiftPackageReference;
			repositoryURL = "https://github.com/SnapKit/SnapKit";
			requirement = {
				kind = upToNextMajorVersion;
				minimumVersion = 5.0.0;
			};
		};
/* End XCRemoteSwiftPackageReference section */

/* Begin XCSwiftPackageProductDependency section */
		1A99660F28355E23000A9BC8 /* Tabman */ = {
			isa = XCSwiftPackageProductDependency;
			package = 1A99660E28355E23000A9BC8 /* XCRemoteSwiftPackageReference "Tabman" */;
			productName = Tabman;
		};
		4D32E22B28311B8F00A3DD31 /* Alamofire */ = {
			isa = XCSwiftPackageProductDependency;
			package = 4D32E22A28311B8F00A3DD31 /* XCRemoteSwiftPackageReference "Alamofire" */;
			productName = Alamofire;
		};
		4D32E22E28311BC400A3DD31 /* SnapKit */ = {
			isa = XCSwiftPackageProductDependency;
			package = 4D32E22D28311BC400A3DD31 /* XCRemoteSwiftPackageReference "SnapKit" */;
			productName = SnapKit;
		};
/* End XCSwiftPackageProductDependency section */
	};
	rootObject = 4D32E1D6283108CC00A3DD31 /* Project object */;
}
